{
  "name": "apriori-algorithm",
  "version": "1.0.0",
  "lockfileVersion": 3,
  "requires": true,
  "packages": {
    "": {
      "name": "apriori-algorithm",
      "version": "1.0.0",
      "license": "ISC",
      "dependencies": {
        "js-combinatorics": "^0.5.2",
        "lodash": "^4.17.4"
      }
    },
    "node_modules/js-combinatorics": {
      "version": "0.5.5",
      "resolved": "https://registry.npmjs.org/js-combinatorics/-/js-combinatorics-0.5.5.tgz",
      "integrity": "sha512-WglFY9EQvwndNhuJLxxyjnC16649lfZly/G3M3zgQMwcWlJDJ0Jn9niPWeYjnLXwWOEycYVxR2Tk98WLeFkrcw==",
      "license": "MIT"
    },
    "node_modules/lodash": {
      "version": "4.18.1",
      "resolved": "https://registry.npmjs.org/lodash/-/lodash-4.18.1.tgz",
      "integrity": "sha512-dMInicTPVE8d1e5otfwmmjlxkZoUpiVLwyeTdUsi/Caj/gfzzblBcCE5sRHV/AsjuCmxWrte2TNGSYuCeCq+0Q==",
      "license": "MIT"
    }
  }
}
